
Microsoft Visual Studio Solution File, Format Version 12.00
# Visual Studio Version 17
VisualStudioVersion = 17.2.32516.85
MinimumVisualStudioVersion = 10.0.40219.1
Project("{FAE04EC0-301F-11D3-BF4B-00C04F79EFBC}") = "PM2E1201910050106.Android", "PM2E1201910050106.Android\PM2E1201910050106.Android.csproj", "{A5C5A9B8-329D-417E-A391-82537AB9348F}"
EndProject
Project("{FAE04EC0-301F-11D3-BF4B-00C04F79EFBC}") = "PM2E1201910050106", "PM2E1201910050106\PM2E1201910050106.csproj", "{E7E63C6C-8F6A-4C53-A422-3489BA9CF675}"
EndProject
Global
	GlobalSection(SolutionConfigurationPlatforms) = preSolution
		Debug|Any CPU = Debug|Any CPU
		Release|Any CPU = Release|Any CPU
	EndGlobalSection
	GlobalSection(ProjectConfigurationPlatforms) = postSolution
		{A5C5A9B8-329D-417E-A391-82537AB9348F}.Debug|Any CPU.ActiveCfg = Debug|Any CPU
		{A5C5A9B8-329D-417E-A391-82537AB9348F}.Debug|Any CPU.Build.0 = Debug|Any CPU
		{A5C5A9B8-329D-417E-A391-82537AB9348F}.Debug|Any CPU.Deploy.0 = Debug|Any CPU
		{A5C5A9B8-329D-417E-A391-82537AB9348F}.Release|Any CPU.ActiveCfg = Release|Any CPU
		{A5C5A9B8-329D-417E-A391-82537AB9348F}.Release|Any CPU.Build.0 = Release|Any CPU
		{A5C5A9B8-329D-417E-A391-82537AB9348F}.Release|Any CPU.Deploy.0 = Release|Any CPU
		{E7E63C6C-8F6A-4C53-A422-3489BA9CF675}.Debug|Any CPU.ActiveCfg = Debug|Any CPU
		{E7E63C6C-8F6A-4C53-A422-3489BA9CF675}.Debug|Any CPU.Build.0 = Debug|Any CPU
		{E7E63C6C-8F6A-4C53-A422-3489BA9CF675}.Debug|Any CPU.Deploy.0 = Debug|Any CPU
		{E7E63C6C-8F6A-4C53-A422-3489BA9CF675}.Release|Any CPU.ActiveCfg = Release|Any CPU
		{E7E63C6C-8F6A-4C53-A422-3489BA9CF675}.Release|Any CPU.Build.0 = Release|Any CPU
		{E7E63C6C-8F6A-4C53-A422-3489BA9CF675}.Release|Any CPU.Deploy.0 = Release|Any CPU
	EndGlobalSection
	GlobalSection(SolutionProperties) = preSolution
		HideSolutionNode = FALSE
	EndGlobalSection
	GlobalSection(ExtensibilityGlobals) = postSolution
		SolutionGuid = {3AB20214-124C-4927-9323-C8856286E8BD}
	EndGlobalSection
EndGlobal
